
Microsoft Visual Studio Solution File, Format Version 12.00
# Visual Studio 15
Project("{FAE04EC0-301F-11D3-BF4B-00C04F79EFBC}") = "QFSW.QC.Grammar", "QFSW.QC.Grammar.csproj", "{BDED7B48-248F-877C-AEA0-FF46F1869126}"
EndProject
Project("{FAE04EC0-301F-11D3-BF4B-00C04F79EFBC}") = "QFSW.QC", "QFSW.QC.csproj", "{BEBABA62-A029-78C7-CE8D-8ABFE686622A}"
EndProject
Project("{FAE04EC0-301F-11D3-BF4B-00C04F79EFBC}") = "QFSW.QC.Demo", "QFSW.QC.Demo.csproj", "{33E97E55-80CB-E227-0DAB-5332C2095776}"
EndProject
Project("{FAE04EC0-301F-11D3-BF4B-00C04F79EFBC}") = "Assembly-CSharp", "Assembly-CSharp.csproj", "{11B7A072-8182-DEDC-E122-136DE1FF0858}"
EndProject
Project("{FAE04EC0-301F-11D3-BF4B-00C04F79EFBC}") = "QFSW.QC.Parsers", "QFSW.QC.Parsers.csproj", "{7368C0E6-EA13-D6B7-FA08-D41B05B74000}"
EndProject
Project("{FAE04EC0-301F-11D3-BF4B-00C04F79EFBC}") = "QFSW.QC.Extras", "QFSW.QC.Extras.csproj", "{4FE2810D-9EDD-6CCB-DBDB-8B0B6BDB6442}"
EndProject
Project("{FAE04EC0-301F-11D3-BF4B-00C04F79EFBC}") = "QFSW.QC.Serializers", "QFSW.QC.Serializers.csproj", "{F0C97489-8BF8-ABCE-282A-D02E7E758CD1}"
EndProject
Project("{FAE04EC0-301F-11D3-BF4B-00C04F79EFBC}") = "QFSW.QC.UI", "QFSW.QC.UI.csproj", "{94EAE397-5564-79DE-7955-9C92E925A724}"
EndProject
Project("{FAE04EC0-301F-11D3-BF4B-00C04F79EFBC}") = "Assembly-CSharp-firstpass", "Assembly-CSharp-firstpass.csproj", "{C4FE1E7B-38A5-56CB-9574-99FCF775CF58}"
EndProject
Project("{FAE04EC0-301F-11D3-BF4B-00C04F79EFBC}") = "Obi", "Obi.csproj", "{924AA11F-D9CB-7388-3F73-CECFB28F9846}"
EndProject
Project("{FAE04EC0-301F-11D3-BF4B-00C04F79EFBC}") = "RopeMinikit", "RopeMinikit.csproj", "{DB8C430F-4516-7D2E-BDF6-063AA9F4B430}"
EndProject
Project("{FAE04EC0-301F-11D3-BF4B-00C04F79EFBC}") = "QFSW.QC.QGUI", "QFSW.QC.QGUI.csproj", "{A32B9A89-F651-9D2E-90A2-82B469F6E1B0}"
EndProject
Project("{FAE04EC0-301F-11D3-BF4B-00C04F79EFBC}") = "QFSW.QC.Editor", "QFSW.QC.Editor.csproj", "{F40B4F5A-FDED-752D-313B-67C979A9B1C8}"
EndProject
Project("{FAE04EC0-301F-11D3-BF4B-00C04F79EFBC}") = "QFSW.QC.Editor.Tools", "QFSW.QC.Editor.Tools.csproj", "{538E71BF-7D84-C313-826D-041A8F22C128}"
EndProject
Project("{FAE04EC0-301F-11D3-BF4B-00C04F79EFBC}") = "Obi.Editor", "Obi.Editor.csproj", "{A84F46EE-E688-FE6F-252E-62F3589F1313}"
EndProject
Global
	GlobalSection(SolutionConfigurationPlatforms) = preSolution
		Debug|Any CPU = Debug|Any CPU
		Release|Any CPU = Release|Any CPU
	EndGlobalSection
	GlobalSection(ProjectConfigurationPlatforms) = postSolution
		{BDED7B48-248F-877C-AEA0-FF46F1869126}.Debug|Any CPU.ActiveCfg = Debug|Any CPU
		{BDED7B48-248F-877C-AEA0-FF46F1869126}.Debug|Any CPU.Build.0 = Debug|Any CPU
		{BDED7B48-248F-877C-AEA0-FF46F1869126}.Release|Any CPU.ActiveCfg = Release|Any CPU
		{BDED7B48-248F-877C-AEA0-FF46F1869126}.Release|Any CPU.Build.0 = Release|Any CPU
		{BEBABA62-A029-78C7-CE8D-8ABFE686622A}.Debug|Any CPU.ActiveCfg = Debug|Any CPU
		{BEBABA62-A029-78C7-CE8D-8ABFE686622A}.Debug|Any CPU.Build.0 = Debug|Any CPU
		{BEBABA62-A029-78C7-CE8D-8ABFE686622A}.Release|Any CPU.ActiveCfg = Release|Any CPU
		{BEBABA62-A029-78C7-CE8D-8ABFE686622A}.Release|Any CPU.Build.0 = Release|Any CPU
		{33E97E55-80CB-E227-0DAB-5332C2095776}.Debug|Any CPU.ActiveCfg = Debug|Any CPU
		{33E97E55-80CB-E227-0DAB-5332C2095776}.Debug|Any CPU.Build.0 = Debug|Any CPU
		{33E97E55-80CB-E227-0DAB-5332C2095776}.Release|Any CPU.ActiveCfg = Release|Any CPU
		{33E97E55-80CB-E227-0DAB-5332C2095776}.Release|Any CPU.Build.0 = Release|Any CPU
		{11B7A072-8182-DEDC-E122-136DE1FF0858}.Debug|Any CPU.ActiveCfg = Debug|Any CPU
		{11B7A072-8182-DEDC-E122-136DE1FF0858}.Debug|Any CPU.Build.0 = Debug|Any CPU
		{11B7A072-8182-DEDC-E122-136DE1FF0858}.Release|Any CPU.ActiveCfg = Release|Any CPU
		{11B7A072-8182-DEDC-E122-136DE1FF0858}.Release|Any CPU.Build.0 = Release|Any CPU
		{7368C0E6-EA13-D6B7-FA08-D41B05B74000}.Debug|Any CPU.ActiveCfg = Debug|Any CPU
		{7368C0E6-EA13-D6B7-FA08-D41B05B74000}.Debug|Any CPU.Build.0 = Debug|Any CPU
		{7368C0E6-EA13-D6B7-FA08-D41B05B74000}.Release|Any CPU.ActiveCfg = Release|Any CPU
		{7368C0E6-EA13-D6B7-FA08-D41B05B74000}.Release|Any CPU.Build.0 = Release|Any CPU
		{4FE2810D-9EDD-6CCB-DBDB-8B0B6BDB6442}.Debug|Any CPU.ActiveCfg = Debug|Any CPU
		{4FE2810D-9EDD-6CCB-DBDB-8B0B6BDB6442}.Debug|Any CPU.Build.0 = Debug|Any CPU
		{4FE2810D-9EDD-6CCB-DBDB-8B0B6BDB6442}.Release|Any CPU.ActiveCfg = Release|Any CPU
		{4FE2810D-9EDD-6CCB-DBDB-8B0B6BDB6442}.Release|Any CPU.Build.0 = Release|Any CPU
		{F0C97489-8BF8-ABCE-282A-D02E7E758CD1}.Debug|Any CPU.ActiveCfg = Debug|Any CPU
		{F0C97489-8BF8-ABCE-282A-D02E7E758CD1}.Debug|Any CPU.Build.0 = Debug|Any CPU
		{F0C97489-8BF8-ABCE-282A-D02E7E758CD1}.Release|Any CPU.ActiveCfg = Release|Any CPU
		{F0C97489-8BF8-ABCE-282A-D02E7E758CD1}.Release|Any CPU.Build.0 = Release|Any CPU
		{94EAE397-5564-79DE-7955-9C92E925A724}.Debug|Any CPU.ActiveCfg = Debug|Any CPU
		{94EAE397-5564-79DE-7955-9C92E925A724}.Debug|Any CPU.Build.0 = Debug|Any CPU
		{94EAE397-5564-79DE-7955-9C92E925A724}.Release|Any CPU.ActiveCfg = Release|Any CPU
		{94EAE397-5564-79DE-7955-9C92E925A724}.Release|Any CPU.Build.0 = Release|Any CPU
		{C4FE1E7B-38A5-56CB-9574-99FCF775CF58}.Debug|Any CPU.ActiveCfg = Debug|Any CPU
		{C4FE1E7B-38A5-56CB-9574-99FCF775CF58}.Debug|Any CPU.Build.0 = Debug|Any CPU
		{C4FE1E7B-38A5-56CB-9574-99FCF775CF58}.Release|Any CPU.ActiveCfg = Release|Any CPU
		{C4FE1E7B-38A5-56CB-9574-99FCF775CF58}.Release|Any CPU.Build.0 = Release|Any CPU
		{924AA11F-D9CB-7388-3F73-CECFB28F9846}.Debug|Any CPU.ActiveCfg = Debug|Any CPU
		{924AA11F-D9CB-7388-3F73-CECFB28F9846}.Debug|Any CPU.Build.0 = Debug|Any CPU
		{924AA11F-D9CB-7388-3F73-CECFB28F9846}.Release|Any CPU.ActiveCfg = Release|Any CPU
		{924AA11F-D9CB-7388-3F73-CECFB28F9846}.Release|Any CPU.Build.0 = Release|Any CPU
		{DB8C430F-4516-7D2E-BDF6-063AA9F4B430}.Debug|Any CPU.ActiveCfg = Debug|Any CPU
		{DB8C430F-4516-7D2E-BDF6-063AA9F4B430}.Debug|Any CPU.Build.0 = Debug|Any CPU
		{DB8C430F-4516-7D2E-BDF6-063AA9F4B430}.Release|Any CPU.ActiveCfg = Release|Any CPU
		{DB8C430F-4516-7D2E-BDF6-063AA9F4B430}.Release|Any CPU.Build.0 = Release|Any CPU
		{A32B9A89-F651-9D2E-90A2-82B469F6E1B0}.Debug|Any CPU.ActiveCfg = Debug|Any CPU
		{A32B9A89-F651-9D2E-90A2-82B469F6E1B0}.Debug|Any CPU.Build.0 = Debug|Any CPU
		{A32B9A89-F651-9D2E-90A2-82B469F6E1B0}.Release|Any CPU.ActiveCfg = Release|Any CPU
		{A32B9A89-F651-9D2E-90A2-82B469F6E1B0}.Release|Any CPU.Build.0 = Release|Any CPU
		{F40B4F5A-FDED-752D-313B-67C979A9B1C8}.Debug|Any CPU.ActiveCfg = Debug|Any CPU
		{F40B4F5A-FDED-752D-313B-67C979A9B1C8}.Debug|Any CPU.Build.0 = Debug|Any CPU
		{F40B4F5A-FDED-752D-313B-67C979A9B1C8}.Release|Any CPU.ActiveCfg = Release|Any CPU
		{F40B4F5A-FDED-752D-313B-67C979A9B1C8}.Release|Any CPU.Build.0 = Release|Any CPU
		{538E71BF-7D84-C313-826D-041A8F22C128}.Debug|Any CPU.ActiveCfg = Debug|Any CPU
		{538E71BF-7D84-C313-826D-041A8F22C128}.Debug|Any CPU.Build.0 = Debug|Any CPU
		{538E71BF-7D84-C313-826D-041A8F22C128}.Release|Any CPU.ActiveCfg = Release|Any CPU
		{538E71BF-7D84-C313-826D-041A8F22C128}.Release|Any CPU.Build.0 = Release|Any CPU
		{A84F46EE-E688-FE6F-252E-62F3589F1313}.Debug|Any CPU.ActiveCfg = Debug|Any CPU
		{A84F46EE-E688-FE6F-252E-62F3589F1313}.Debug|Any CPU.Build.0 = Debug|Any CPU
		{A84F46EE-E688-FE6F-252E-62F3589F1313}.Release|Any CPU.ActiveCfg = Release|Any CPU
		{A84F46EE-E688-FE6F-252E-62F3589F1313}.Release|Any CPU.Build.0 = Release|Any CPU
	EndGlobalSection
	GlobalSection(SolutionProperties) = preSolution
		HideSolutionNode = FALSE
	EndGlobalSection
EndGlobal
